// !$*UTF8*$!
{
	archiveVersion = 1;
	classes = {
	};
	objectVersion = 60;
	objects = {

/* Begin PBXBuildFile section */
		A42254A72A8C780D00C156AF /* Visual.swift in Sources */ = {isa = PBXBuildFile; fileRef = A42254A62A8C780D00C156AF /* Visual.swift */; };
		A42254A92A8C7DF300C156AF /* Shake.swift in Sources */ = {isa = PBXBuildFile; fileRef = A42254A82A8C7DF300C156AF /* Shake.swift */; };
		A42254AB2A8C833700C156AF /* RemoveArchiveView.swift in Sources */ = {isa = PBXBuildFile; fileRef = A42254AA2A8C833700C156AF /* RemoveArchiveView.swift */; };
		A42254AD2A8D08B600C156AF /* Model.swift in Sources */ = {isa = PBXBuildFile; fileRef = A42254AC2A8D08B600C156AF /* Model.swift */; };
		A443B30C2A8AABBC00E3CA2D /* LockeApp.swift in Sources */ = {isa = PBXBuildFile; fileRef = A443B30B2A8AABBC00E3CA2D /* LockeApp.swift */; };
		A443B30E2A8AABBC00E3CA2D /* ContentView.swift in Sources */ = {isa = PBXBuildFile; fileRef = A443B30D2A8AABBC00E3CA2D /* ContentView.swift */; };
		A443B3102A8AABBD00E3CA2D /* Assets.xcassets in Resources */ = {isa = PBXBuildFile; fileRef = A443B30F2A8AABBD00E3CA2D /* Assets.xcassets */; };
		A443B3132A8AABBD00E3CA2D /* Preview Assets.xcassets in Resources */ = {isa = PBXBuildFile; fileRef = A443B3122A8AABBD00E3CA2D /* Preview Assets.xcassets */; };
		A443B31E2A8AAC4500E3CA2D /* Operation.swift in Sources */ = {isa = PBXBuildFile; fileRef = A443B31D2A8AAC4500E3CA2D /* Operation.swift */; };
		A443B3212A8B0CE800E3CA2D /* SummaryView.swift in Sources */ = {isa = PBXBuildFile; fileRef = A443B3202A8B0CE800E3CA2D /* SummaryView.swift */; };
		A443B3232A8B24B200E3CA2D /* ArchivesView.swift in Sources */ = {isa = PBXBuildFile; fileRef = A443B3222A8B24B200E3CA2D /* ArchivesView.swift */; };
		A443B3282A8BCADA00E3CA2D /* FavoritesView.swift in Sources */ = {isa = PBXBuildFile; fileRef = A443B3272A8BCADA00E3CA2D /* FavoritesView.swift */; };
		A443B32A2A8BCDCB00E3CA2D /* NewArchiveView.swift in Sources */ = {isa = PBXBuildFile; fileRef = A443B3292A8BCDCB00E3CA2D /* NewArchiveView.swift */; };
		A44696FC2A8F21E000B23EC4 /* SymbolPicker.swift in Sources */ = {isa = PBXBuildFile; fileRef = A44696FB2A8F21E000B23EC4 /* SymbolPicker.swift */; };
		A44696FF2A8F23A900B23EC4 /* SFSafeSymbols in Frameworks */ = {isa = PBXBuildFile; productRef = A44696FE2A8F23A900B23EC4 /* SFSafeSymbols */; };
		A44A03662AFB360C00ABC9A5 /* LaunchAtLogin in Frameworks */ = {isa = PBXBuildFile; productRef = A44A03652AFB360C00ABC9A5 /* LaunchAtLogin */; };
		A44D0EE62CA088BE00F8F41B /* Zip in Frameworks */ = {isa = PBXBuildFile; productRef = A44D0EE52CA088BE00F8F41B /* Zip */; };
		A44D0EE92CA0FAF300F8F41B /* CircularProgressView.swift in Sources */ = {isa = PBXBuildFile; fileRef = A44D0EE82CA0FAF300F8F41B /* CircularProgressView.swift */; };
		A459C31B2AE8509C003C8A75 /* MenuBarExtraAccess in Frameworks */ = {isa = PBXBuildFile; productRef = A459C31A2AE8509C003C8A75 /* MenuBarExtraAccess */; };
		A459C31D2AF01DFD003C8A75 /* Recover.swift in Sources */ = {isa = PBXBuildFile; fileRef = A459C31C2AF01DFD003C8A75 /* Recover.swift */; };
		A459C31F2AF29A2E003C8A75 /* Generate.swift in Sources */ = {isa = PBXBuildFile; fileRef = A459C31E2AF29A2E003C8A75 /* Generate.swift */; };
		A459C3212AF48C3A003C8A75 /* Backup.swift in Sources */ = {isa = PBXBuildFile; fileRef = A459C3202AF48C3A003C8A75 /* Backup.swift */; };
		A4A5A8462A97D92700800559 /* Locke.xcdatamodel in Sources */ = {isa = PBXBuildFile; fileRef = A4A5A8452A97D92700800559 /* Locke.xcdatamodel */; };
		A4A5A8492A99452D00800559 /* MenuView.swift in Sources */ = {isa = PBXBuildFile; fileRef = A4A5A8482A99452D00800559 /* MenuView.swift */; };
		A4A5A84B2A9CE5C200800559 /* PasswordPromptView.swift in Sources */ = {isa = PBXBuildFile; fileRef = A4A5A84A2A9CE5C200800559 /* PasswordPromptView.swift */; };
		A4A5A84D2A9D693500800559 /* ArchiveManager.swift in Sources */ = {isa = PBXBuildFile; fileRef = A4A5A84C2A9D693500800559 /* ArchiveManager.swift */; };
		A4A5A84F2A9FAB7600800559 /* File.swift in Sources */ = {isa = PBXBuildFile; fileRef = A4A5A84E2A9FAB7600800559 /* File.swift */; };
		A4A5A8522A9FABA000800559 /* ArchiveObserver.swift in Sources */ = {isa = PBXBuildFile; fileRef = A4A5A8512A9FABA000800559 /* ArchiveObserver.swift */; };
		A4A5A8542A9FB20300800559 /* Executors.swift in Sources */ = {isa = PBXBuildFile; fileRef = A4A5A8532A9FB20300800559 /* Executors.swift */; };
		A4A5A8562A9FB24900800559 /* FileManagement.swift in Sources */ = {isa = PBXBuildFile; fileRef = A4A5A8552A9FB24900800559 /* FileManagement.swift */; };
		A4A5A85A2A9FB27900800559 /* Close.swift in Sources */ = {isa = PBXBuildFile; fileRef = A4A5A8592A9FB27900800559 /* Close.swift */; };
		A4A5A85C2A9FB28800800559 /* Open.swift in Sources */ = {isa = PBXBuildFile; fileRef = A4A5A85B2A9FB28800800559 /* Open.swift */; };
		A4A5A85E2A9FB37F00800559 /* Compact.swift in Sources */ = {isa = PBXBuildFile; fileRef = A4A5A85D2A9FB37F00800559 /* Compact.swift */; };
		A4A5A8602A9FB78D00800559 /* Remove.swift in Sources */ = {isa = PBXBuildFile; fileRef = A4A5A85F2A9FB78D00800559 /* Remove.swift */; };
		A4A5A8622A9FB89800800559 /* Create.swift in Sources */ = {isa = PBXBuildFile; fileRef = A4A5A8612A9FB89800800559 /* Create.swift */; };
		A4A5A8642A9FB96000800559 /* Show.swift in Sources */ = {isa = PBXBuildFile; fileRef = A4A5A8632A9FB96000800559 /* Show.swift */; };
		A4A5A8662A9FD63100800559 /* Keychain.swift in Sources */ = {isa = PBXBuildFile; fileRef = A4A5A8652A9FD63100800559 /* Keychain.swift */; };
		A4B3DC262BB9BD0C00E5AD60 /* AWS.swift in Sources */ = {isa = PBXBuildFile; fileRef = A4B3DC252BB9BD0C00E5AD60 /* AWS.swift */; };
		A4B3DC292BB9BF7D00E5AD60 /* SotoS3 in Frameworks */ = {isa = PBXBuildFile; productRef = A4B3DC282BB9BF7D00E5AD60 /* SotoS3 */; };
		A4B3DC2C2BB9C60A00E5AD60 /* SotoS3FileTransfer in Frameworks */ = {isa = PBXBuildFile; productRef = A4B3DC2B2BB9C60A00E5AD60 /* SotoS3FileTransfer */; };
		A4C572052ADDDAD4001C2CAA /* Logger.swift in Sources */ = {isa = PBXBuildFile; fileRef = A4C572042ADDDAD4001C2CAA /* Logger.swift */; };
		A4C572072ADDEC09001C2CAA /* ConsoleView.swift in Sources */ = {isa = PBXBuildFile; fileRef = A4C572062ADDEC09001C2CAA /* ConsoleView.swift */; };
		A4C572092ADDFB74001C2CAA /* ArchiveWatchdog.swift in Sources */ = {isa = PBXBuildFile; fileRef = A4C572082ADDFB74001C2CAA /* ArchiveWatchdog.swift */; };
		A4C5720B2ADF1D3D001C2CAA /* Notification.swift in Sources */ = {isa = PBXBuildFile; fileRef = A4C5720A2ADF1D3D001C2CAA /* Notification.swift */; };
		A4F67A432ADB500B00999DA8 /* SettingsView.swift in Sources */ = {isa = PBXBuildFile; fileRef = A4F67A422ADB500B00999DA8 /* SettingsView.swift */; };
		A4F67A462ADDB3EB00999DA8 /* FilePicker in Frameworks */ = {isa = PBXBuildFile; productRef = A4F67A452ADDB3EB00999DA8 /* FilePicker */; };
/* End PBXBuildFile section */

/* Begin PBXFileReference section */
		A42254A62A8C780D00C156AF /* Visual.swift */ = {isa = PBXFileReference; lastKnownFileType = sourcecode.swift; path = Visual.swift; sourceTree = "<group>"; };
		A42254A82A8C7DF300C156AF /* Shake.swift */ = {isa = PBXFileReference; lastKnownFileType = sourcecode.swift; path = Shake.swift; sourceTree = "<group>"; };
		A42254AA2A8C833700C156AF /* RemoveArchiveView.swift */ = {isa = PBXFileReference; lastKnownFileType = sourcecode.swift; path = RemoveArchiveView.swift; sourceTree = "<group>"; };
		A42254AC2A8D08B600C156AF /* Model.swift */ = {isa = PBXFileReference; lastKnownFileType = sourcecode.swift; path = Model.swift; sourceTree = "<group>"; };
		A443B3082A8AABBC00E3CA2D /* Locke.app */ = {isa = PBXFileReference; explicitFileType = wrapper.application; includeInIndex = 0; path = Locke.app; sourceTree = BUILT_PRODUCTS_DIR; };
		A443B30B2A8AABBC00E3CA2D /* LockeApp.swift */ = {isa = PBXFileReference; lastKnownFileType = sourcecode.swift; path = LockeApp.swift; sourceTree = "<group>"; };
		A443B30D2A8AABBC00E3CA2D /* ContentView.swift */ = {isa = PBXFileReference; lastKnownFileType = sourcecode.swift; path = ContentView.swift; sourceTree = "<group>"; };
		A443B30F2A8AABBD00E3CA2D /* Assets.xcassets */ = {isa = PBXFileReference; lastKnownFileType = folder.assetcatalog; path = Assets.xcassets; sourceTree = "<group>"; };
		A443B3122A8AABBD00E3CA2D /* Preview Assets.xcassets */ = {isa = PBXFileReference; lastKnownFileType = folder.assetcatalog; path = "Preview Assets.xcassets"; sourceTree = "<group>"; };
		A443B3142A8AABBD00E3CA2D /* Locke.entitlements */ = {isa = PBXFileReference; lastKnownFileType = text.plist.entitlements; path = Locke.entitlements; sourceTree = "<group>"; };
		A443B31D2A8AAC4500E3CA2D /* Operation.swift */ = {isa = PBXFileReference; lastKnownFileType = sourcecode.swift; path = Operation.swift; sourceTree = "<group>"; };
		A443B3202A8B0CE800E3CA2D /* SummaryView.swift */ = {isa = PBXFileReference; lastKnownFileType = sourcecode.swift; path = SummaryView.swift; sourceTree = "<group>"; };
		A443B3222A8B24B200E3CA2D /* ArchivesView.swift */ = {isa = PBXFileReference; lastKnownFileType = sourcecode.swift; path = ArchivesView.swift; sourceTree = "<group>"; };
		A443B3272A8BCADA00E3CA2D /* FavoritesView.swift */ = {isa = PBXFileReference; lastKnownFileType = sourcecode.swift; path = FavoritesView.swift; sourceTree = "<group>"; };
		A443B3292A8BCDCB00E3CA2D /* NewArchiveView.swift */ = {isa = PBXFileReference; lastKnownFileType = sourcecode.swift; path = NewArchiveView.swift; sourceTree = "<group>"; };
		A44696FB2A8F21E000B23EC4 /* SymbolPicker.swift */ = {isa = PBXFileReference; lastKnownFileType = sourcecode.swift; path = SymbolPicker.swift; sourceTree = "<group>"; };
		A44D0EE82CA0FAF300F8F41B /* CircularProgressView.swift */ = {isa = PBXFileReference; lastKnownFileType = sourcecode.swift; path = CircularProgressView.swift; sourceTree = "<group>"; };
		A459C31C2AF01DFD003C8A75 /* Recover.swift */ = {isa = PBXFileReference; lastKnownFileType = sourcecode.swift; path = Recover.swift; sourceTree = "<group>"; };
		A459C31E2AF29A2E003C8A75 /* Generate.swift */ = {isa = PBXFileReference; lastKnownFileType = sourcecode.swift; path = Generate.swift; sourceTree = "<group>"; };
		A459C3202AF48C3A003C8A75 /* Backup.swift */ = {isa = PBXFileReference; lastKnownFileType = sourcecode.swift; path = Backup.swift; sourceTree = "<group>"; };
		A4A5A8452A97D92700800559 /* Locke.xcdatamodel */ = {isa = PBXFileReference; lastKnownFileType = wrapper.xcdatamodel; path = Locke.xcdatamodel; sourceTree = "<group>"; };
		A4A5A8472A97F34A00800559 /* Info.plist */ = {isa = PBXFileReference; lastKnownFileType = text.plist; path = Info.plist; sourceTree = "<group>"; };
		A4A5A8482A99452D00800559 /* MenuView.swift */ = {isa = PBXFileReference; lastKnownFileType = sourcecode.swift; path = MenuView.swift; sourceTree = "<group>"; };
		A4A5A84A2A9CE5C200800559 /* PasswordPromptView.swift */ = {isa = PBXFileReference; lastKnownFileType = sourcecode.swift; path = PasswordPromptView.swift; sourceTree = "<group>"; };
		A4A5A84C2A9D693500800559 /* ArchiveManager.swift */ = {isa = PBXFileReference; lastKnownFileType = sourcecode.swift; path = ArchiveManager.swift; sourceTree = "<group>"; };
		A4A5A84E2A9FAB7600800559 /* File.swift */ = {isa = PBXFileReference; lastKnownFileType = sourcecode.swift; path = File.swift; sourceTree = "<group>"; };
		A4A5A8512A9FABA000800559 /* ArchiveObserver.swift */ = {isa = PBXFileReference; lastKnownFileType = sourcecode.swift; path = ArchiveObserver.swift; sourceTree = "<group>"; };
		A4A5A8532A9FB20300800559 /* Executors.swift */ = {isa = PBXFileReference; lastKnownFileType = sourcecode.swift; path = Executors.swift; sourceTree = "<group>"; };
		A4A5A8552A9FB24900800559 /* FileManagement.swift */ = {isa = PBXFileReference; lastKnownFileType = sourcecode.swift; path = FileManagement.swift; sourceTree = "<group>"; };
		A4A5A8592A9FB27900800559 /* Close.swift */ = {isa = PBXFileReference; lastKnownFileType = sourcecode.swift; path = Close.swift; sourceTree = "<group>"; };
		A4A5A85B2A9FB28800800559 /* Open.swift */ = {isa = PBXFileReference; lastKnownFileType = sourcecode.swift; path = Open.swift; sourceTree = "<group>"; };
		A4A5A85D2A9FB37F00800559 /* Compact.swift */ = {isa = PBXFileReference; lastKnownFileType = sourcecode.swift; path = Compact.swift; sourceTree = "<group>"; };
		A4A5A85F2A9FB78D00800559 /* Remove.swift */ = {isa = PBXFileReference; lastKnownFileType = sourcecode.swift; path = Remove.swift; sourceTree = "<group>"; };
		A4A5A8612A9FB89800800559 /* Create.swift */ = {isa = PBXFileReference; lastKnownFileType = sourcecode.swift; path = Create.swift; sourceTree = "<group>"; };
		A4A5A8632A9FB96000800559 /* Show.swift */ = {isa = PBXFileReference; lastKnownFileType = sourcecode.swift; path = Show.swift; sourceTree = "<group>"; };
		A4A5A8652A9FD63100800559 /* Keychain.swift */ = {isa = PBXFileReference; lastKnownFileType = sourcecode.swift; path = Keychain.swift; sourceTree = "<group>"; };
		A4B3DC252BB9BD0C00E5AD60 /* AWS.swift */ = {isa = PBXFileReference; lastKnownFileType = sourcecode.swift; path = AWS.swift; sourceTree = "<group>"; };
		A4C572042ADDDAD4001C2CAA /* Logger.swift */ = {isa = PBXFileReference; lastKnownFileType = sourcecode.swift; path = Logger.swift; sourceTree = "<group>"; };
		A4C572062ADDEC09001C2CAA /* ConsoleView.swift */ = {isa = PBXFileReference; lastKnownFileType = sourcecode.swift; path = ConsoleView.swift; sourceTree = "<group>"; };
		A4C572082ADDFB74001C2CAA /* ArchiveWatchdog.swift */ = {isa = PBXFileReference; lastKnownFileType = sourcecode.swift; path = ArchiveWatchdog.swift; sourceTree = "<group>"; };
		A4C5720A2ADF1D3D001C2CAA /* Notification.swift */ = {isa = PBXFileReference; lastKnownFileType = sourcecode.swift; path = Notification.swift; sourceTree = "<group>"; };
		A4F67A422ADB500B00999DA8 /* SettingsView.swift */ = {isa = PBXFileReference; lastKnownFileType = sourcecode.swift; path = SettingsView.swift; sourceTree = "<group>"; };
/* End PBXFileReference section */

/* Begin PBXFrameworksBuildPhase section */
		A443B3052A8AABBC00E3CA2D /* Frameworks */ = {
			isa = PBXFrameworksBuildPhase;
			buildActionMask = 2147483647;
			files = (
				A44D0EE62CA088BE00F8F41B /* Zip in Frameworks */,
				A4B3DC2C2BB9C60A00E5AD60 /* SotoS3FileTransfer in Frameworks */,
				A4B3DC292BB9BF7D00E5AD60 /* SotoS3 in Frameworks */,
				A4F67A462ADDB3EB00999DA8 /* FilePicker in Frameworks */,
				A459C31B2AE8509C003C8A75 /* MenuBarExtraAccess in Frameworks */,
				A44A03662AFB360C00ABC9A5 /* LaunchAtLogin in Frameworks */,
				A44696FF2A8F23A900B23EC4 /* SFSafeSymbols in Frameworks */,
			);
			runOnlyForDeploymentPostprocessing = 0;
		};
/* End PBXFrameworksBuildPhase section */

/* Begin PBXGroup section */
		A443B2FF2A8AABBC00E3CA2D = {
			isa = PBXGroup;
			children = (
				A4A5A8452A97D92700800559 /* Locke.xcdatamodel */,
				A443B30A2A8AABBC00E3CA2D /* Locke */,
				A443B3092A8AABBC00E3CA2D /* Products */,
			);
			sourceTree = "<group>";
		};
		A443B3092A8AABBC00E3CA2D /* Products */ = {
			isa = PBXGroup;
			children = (
				A443B3082A8AABBC00E3CA2D /* Locke.app */,
			);
			name = Products;
			sourceTree = "<group>";
		};
		A443B30A2A8AABBC00E3CA2D /* Locke */ = {
			isa = PBXGroup;
			children = (
				A4A5A8502A9FAB8C00800559 /* Archive */,
				A4A5A8472A97F34A00800559 /* Info.plist */,
				A443B31F2A8B0CD800E3CA2D /* Views */,
				A443B31A2A8AABE900E3CA2D /* Library */,
				A443B30B2A8AABBC00E3CA2D /* LockeApp.swift */,
				A443B30D2A8AABBC00E3CA2D /* ContentView.swift */,
				A42254AC2A8D08B600C156AF /* Model.swift */,
				A4C572042ADDDAD4001C2CAA /* Logger.swift */,
				A4C5720A2ADF1D3D001C2CAA /* Notification.swift */,
				A443B30F2A8AABBD00E3CA2D /* Assets.xcassets */,
				A443B3142A8AABBD00E3CA2D /* Locke.entitlements */,
				A443B3112A8AABBD00E3CA2D /* Preview Content */,
			);
			path = Locke;
			sourceTree = "<group>";
		};
		A443B3112A8AABBD00E3CA2D /* Preview Content */ = {
			isa = PBXGroup;
			children = (
				A443B3122A8AABBD00E3CA2D /* Preview Assets.xcassets */,
			);
			path = "Preview Content";
			sourceTree = "<group>";
		};
		A443B31A2A8AABE900E3CA2D /* Library */ = {
			isa = PBXGroup;
			children = (
				A443B31D2A8AAC4500E3CA2D /* Operation.swift */,
				A42254A62A8C780D00C156AF /* Visual.swift */,
				A42254A82A8C7DF300C156AF /* Shake.swift */,
				A4A5A84E2A9FAB7600800559 /* File.swift */,
				A4A5A8652A9FD63100800559 /* Keychain.swift */,
				A4B3DC252BB9BD0C00E5AD60 /* AWS.swift */,
			);
			path = Library;
			sourceTree = "<group>";
		};
		A443B31F2A8B0CD800E3CA2D /* Views */ = {
			isa = PBXGroup;
			children = (
				A44D0EE82CA0FAF300F8F41B /* CircularProgressView.swift */,
				A443B3222A8B24B200E3CA2D /* ArchivesView.swift */,
				A443B3272A8BCADA00E3CA2D /* FavoritesView.swift */,
				A4A5A8482A99452D00800559 /* MenuView.swift */,
				A443B3292A8BCDCB00E3CA2D /* NewArchiveView.swift */,
				A42254AA2A8C833700C156AF /* RemoveArchiveView.swift */,
				A443B3202A8B0CE800E3CA2D /* SummaryView.swift */,
				A44696FB2A8F21E000B23EC4 /* SymbolPicker.swift */,
				A4A5A84A2A9CE5C200800559 /* PasswordPromptView.swift */,
				A4F67A422ADB500B00999DA8 /* SettingsView.swift */,
				A4C572062ADDEC09001C2CAA /* ConsoleView.swift */,
			);
			path = Views;
			sourceTree = "<group>";
		};
		A4A5A8502A9FAB8C00800559 /* Archive */ = {
			isa = PBXGroup;
			children = (
				A4A5A84C2A9D693500800559 /* ArchiveManager.swift */,
				A4C572082ADDFB74001C2CAA /* ArchiveWatchdog.swift */,
				A4A5A8512A9FABA000800559 /* ArchiveObserver.swift */,
				A4A5A8582A9FB26C00800559 /* Flows */,
				A4A5A8572A9FB25800800559 /* Extensions */,
			);
			path = Archive;
			sourceTree = "<group>";
		};
		A4A5A8572A9FB25800800559 /* Extensions */ = {
			isa = PBXGroup;
			children = (
				A4A5A8532A9FB20300800559 /* Executors.swift */,
				A4A5A8552A9FB24900800559 /* FileManagement.swift */,
			);
			path = Extensions;
			sourceTree = "<group>";
		};
		A4A5A8582A9FB26C00800559 /* Flows */ = {
			isa = PBXGroup;
			children = (
				A4A5A8592A9FB27900800559 /* Close.swift */,
				A4A5A85B2A9FB28800800559 /* Open.swift */,
				A4A5A85D2A9FB37F00800559 /* Compact.swift */,
				A4A5A85F2A9FB78D00800559 /* Remove.swift */,
				A4A5A8612A9FB89800800559 /* Create.swift */,
				A4A5A8632A9FB96000800559 /* Show.swift */,
				A459C31C2AF01DFD003C8A75 /* Recover.swift */,
				A459C31E2AF29A2E003C8A75 /* Generate.swift */,
				A459C3202AF48C3A003C8A75 /* Backup.swift */,
			);
			path = Flows;
			sourceTree = "<group>";
		};
/* End PBXGroup section */

/* Begin PBXNativeTarget section */
		A443B3072A8AABBC00E3CA2D /* Locke */ = {
			isa = PBXNativeTarget;
			buildConfigurationList = A443B3172A8AABBD00E3CA2D /* Build configuration list for PBXNativeTarget "Locke" */;
			buildPhases = (
				A443B3042A8AABBC00E3CA2D /* Sources */,
				A443B3052A8AABBC00E3CA2D /* Frameworks */,
				A443B3062A8AABBC00E3CA2D /* Resources */,
			);
			buildRules = (
			);
			dependencies = (
			);
			name = Locke;
			packageProductDependencies = (
				A44696FE2A8F23A900B23EC4 /* SFSafeSymbols */,
				A4F67A452ADDB3EB00999DA8 /* FilePicker */,
				A459C31A2AE8509C003C8A75 /* MenuBarExtraAccess */,
				A44A03652AFB360C00ABC9A5 /* LaunchAtLogin */,
				A4B3DC282BB9BF7D00E5AD60 /* SotoS3 */,
				A4B3DC2B2BB9C60A00E5AD60 /* SotoS3FileTransfer */,
				A44D0EE52CA088BE00F8F41B /* Zip */,
			);
			productName = Locke;
			productReference = A443B3082A8AABBC00E3CA2D /* Locke.app */;
			productType = "com.apple.product-type.application";
		};
/* End PBXNativeTarget section */

/* Begin PBXProject section */
		A443B3002A8AABBC00E3CA2D /* Project object */ = {
			isa = PBXProject;
			attributes = {
				BuildIndependentTargetsInParallel = 1;
				LastSwiftUpdateCheck = 1430;
				LastUpgradeCheck = 1600;
				TargetAttributes = {
					A443B3072A8AABBC00E3CA2D = {
						CreatedOnToolsVersion = 14.3.1;
					};
				};
			};
			buildConfigurationList = A443B3032A8AABBC00E3CA2D /* Build configuration list for PBXProject "Locke" */;
			compatibilityVersion = "Xcode 14.0";
			developmentRegion = en;
			hasScannedForEncodings = 0;
			knownRegions = (
				en,
				Base,
			);
			mainGroup = A443B2FF2A8AABBC00E3CA2D;
			packageReferences = (
				A44696FD2A8F23A900B23EC4 /* XCRemoteSwiftPackageReference "SFSafeSymbols" */,
				A4F67A442ADDB3EB00999DA8 /* XCLocalSwiftPackageReference "../../FilePicker" */,
				A459C3192AE8509C003C8A75 /* XCRemoteSwiftPackageReference "MenuBarExtraAccess" */,
				A44A03642AFB360C00ABC9A5 /* XCRemoteSwiftPackageReference "LaunchAtLogin-Modern" */,
				A4B3DC1E2BB9BA1500E5AD60 /* XCRemoteSwiftPackageReference "aws-sdk-swift" */,
				A4B3DC272BB9BF7D00E5AD60 /* XCRemoteSwiftPackageReference "soto" */,
				A4B3DC2A2BB9C60A00E5AD60 /* XCRemoteSwiftPackageReference "soto-s3-file-transfer" */,
				A44D0EE42CA088BE00F8F41B /* XCRemoteSwiftPackageReference "Zip" */,
			);
			productRefGroup = A443B3092A8AABBC00E3CA2D /* Products */;
			projectDirPath = "";
			projectRoot = "";
			targets = (
				A443B3072A8AABBC00E3CA2D /* Locke */,
			);
		};
/* End PBXProject section */

/* Begin PBXResourcesBuildPhase section */
		A443B3062A8AABBC00E3CA2D /* Resources */ = {
			isa = PBXResourcesBuildPhase;
			buildActionMask = 2147483647;
			files = (
				A443B3132A8AABBD00E3CA2D /* Preview Assets.xcassets in Resources */,
				A443B3102A8AABBD00E3CA2D /* Assets.xcassets in Resources */,
			);
			runOnlyForDeploymentPostprocessing = 0;
		};
/* End PBXResourcesBuildPhase section */

/* Begin PBXSourcesBuildPhase section */
		A443B3042A8AABBC00E3CA2D /* Sources */ = {
			isa = PBXSourcesBuildPhase;
			buildActionMask = 2147483647;
			files = (
				A443B32A2A8BCDCB00E3CA2D /* NewArchiveView.swift in Sources */,
				A443B30E2A8AABBC00E3CA2D /* ContentView.swift in Sources */,
				A42254A92A8C7DF300C156AF /* Shake.swift in Sources */,
				A443B3212A8B0CE800E3CA2D /* SummaryView.swift in Sources */,
				A4A5A84B2A9CE5C200800559 /* PasswordPromptView.swift in Sources */,
				A4C572052ADDDAD4001C2CAA /* Logger.swift in Sources */,
				A459C31F2AF29A2E003C8A75 /* Generate.swift in Sources */,
				A443B3232A8B24B200E3CA2D /* ArchivesView.swift in Sources */,
				A44696FC2A8F21E000B23EC4 /* SymbolPicker.swift in Sources */,
				A4A5A84D2A9D693500800559 /* ArchiveManager.swift in Sources */,
				A42254AD2A8D08B600C156AF /* Model.swift in Sources */,
				A4A5A8522A9FABA000800559 /* ArchiveObserver.swift in Sources */,
				A42254A72A8C780D00C156AF /* Visual.swift in Sources */,
				A4A5A8492A99452D00800559 /* MenuView.swift in Sources */,
				A4A5A8562A9FB24900800559 /* FileManagement.swift in Sources */,
				A443B3282A8BCADA00E3CA2D /* FavoritesView.swift in Sources */,
				A42254AB2A8C833700C156AF /* RemoveArchiveView.swift in Sources */,
				A4C572072ADDEC09001C2CAA /* ConsoleView.swift in Sources */,
				A4A5A8662A9FD63100800559 /* Keychain.swift in Sources */,
				A4A5A8602A9FB78D00800559 /* Remove.swift in Sources */,
				A4A5A8642A9FB96000800559 /* Show.swift in Sources */,
				A459C31D2AF01DFD003C8A75 /* Recover.swift in Sources */,
				A459C3212AF48C3A003C8A75 /* Backup.swift in Sources */,
				A4C5720B2ADF1D3D001C2CAA /* Notification.swift in Sources */,
				A4A5A8622A9FB89800800559 /* Create.swift in Sources */,
				A4A5A8542A9FB20300800559 /* Executors.swift in Sources */,
				A4C572092ADDFB74001C2CAA /* ArchiveWatchdog.swift in Sources */,
				A4B3DC262BB9BD0C00E5AD60 /* AWS.swift in Sources */,
				A4A5A85E2A9FB37F00800559 /* Compact.swift in Sources */,
				A443B30C2A8AABBC00E3CA2D /* LockeApp.swift in Sources */,
				A44D0EE92CA0FAF300F8F41B /* CircularProgressView.swift in Sources */,
				A4A5A8462A97D92700800559 /* Locke.xcdatamodel in Sources */,
				A4A5A84F2A9FAB7600800559 /* File.swift in Sources */,
				A4A5A85A2A9FB27900800559 /* Close.swift in Sources */,
				A443B31E2A8AAC4500E3CA2D /* Operation.swift in Sources */,
				A4F67A432ADB500B00999DA8 /* SettingsView.swift in Sources */,
				A4A5A85C2A9FB28800800559 /* Open.swift in Sources */,
			);
			runOnlyForDeploymentPostprocessing = 0;
		};
/* End PBXSourcesBuildPhase section */

/* Begin XCBuildConfiguration section */
		A443B3152A8AABBD00E3CA2D /* Debug */ = {
			isa = XCBuildConfiguration;
			buildSettings = {
				ALWAYS_SEARCH_USER_PATHS = NO;
				CLANG_ANALYZER_NONNULL = YES;
				CLANG_ANALYZER_NUMBER_OBJECT_CONVERSION = YES_AGGRESSIVE;
				CLANG_CXX_LANGUAGE_STANDARD = "gnu++20";
				CLANG_ENABLE_MODULES = YES;
				CLANG_ENABLE_OBJC_ARC = YES;
				CLANG_ENABLE_OBJC_WEAK = YES;
				CLANG_WARN_BLOCK_CAPTURE_AUTORELEASING = YES;
				CLANG_WARN_BOOL_CONVERSION = YES;
				CLANG_WARN_COMMA = YES;
				CLANG_WARN_CONSTANT_CONVERSION = YES;
				CLANG_WARN_DEPRECATED_OBJC_IMPLEMENTATIONS = YES;
				CLANG_WARN_DIRECT_OBJC_ISA_USAGE = YES_ERROR;
				CLANG_WARN_DOCUMENTATION_COMMENTS = YES;
				CLANG_WARN_EMPTY_BODY = YES;
				CLANG_WARN_ENUM_CONVERSION = YES;
				CLANG_WARN_INFINITE_RECURSION = YES;
				CLANG_WARN_INT_CONVERSION = YES;
				CLANG_WARN_NON_LITERAL_NULL_CONVERSION = YES;
				CLANG_WARN_OBJC_IMPLICIT_RETAIN_SELF = YES;
				CLANG_WARN_OBJC_LITERAL_CONVERSION = YES;
				CLANG_WARN_OBJC_ROOT_CLASS = YES_ERROR;
				CLANG_WARN_QUOTED_INCLUDE_IN_FRAMEWORK_HEADER = YES;
				CLANG_WARN_RANGE_LOOP_ANALYSIS = YES;
				CLANG_WARN_STRICT_PROTOTYPES = YES;
				CLANG_WARN_SUSPICIOUS_MOVE = YES;
				CLANG_WARN_UNGUARDED_AVAILABILITY = YES_AGGRESSIVE;
				CLANG_WARN_UNREACHABLE_CODE = YES;
				CLANG_WARN__DUPLICATE_METHOD_MATCH = YES;
				COPY_PHASE_STRIP = NO;
				DEAD_CODE_STRIPPING = YES;
				DEBUG_INFORMATION_FORMAT = dwarf;
				ENABLE_STRICT_OBJC_MSGSEND = YES;
				ENABLE_TESTABILITY = YES;
				ENABLE_USER_SCRIPT_SANDBOXING = YES;
				GCC_C_LANGUAGE_STANDARD = gnu11;
				GCC_DYNAMIC_NO_PIC = NO;
				GCC_NO_COMMON_BLOCKS = YES;
				GCC_OPTIMIZATION_LEVEL = 0;
				GCC_PREPROCESSOR_DEFINITIONS = (
					"DEBUG=1",
					"$(inherited)",
				);
				GCC_TREAT_IMPLICIT_FUNCTION_DECLARATIONS_AS_ERRORS = YES;
				GCC_TREAT_INCOMPATIBLE_POINTER_TYPE_WARNINGS_AS_ERRORS = YES;
				GCC_TREAT_WARNINGS_AS_ERRORS = YES;
				GCC_WARN_64_TO_32_BIT_CONVERSION = YES;
				GCC_WARN_ABOUT_RETURN_TYPE = YES_ERROR;
				GCC_WARN_UNDECLARED_SELECTOR = YES;
				GCC_WARN_UNINITIALIZED_AUTOS = YES_AGGRESSIVE;
				GCC_WARN_UNUSED_FUNCTION = YES;
				GCC_WARN_UNUSED_VARIABLE = YES;
				MACOSX_DEPLOYMENT_TARGET = 13.3;
				MTL_ENABLE_DEBUG_INFO = INCLUDE_SOURCE;
				MTL_FAST_MATH = YES;
				ONLY_ACTIVE_ARCH = YES;
				SDKROOT = macosx;
				SWIFT_ACTIVE_COMPILATION_CONDITIONS = DEBUG;
				SWIFT_OPTIMIZATION_LEVEL = "-Onone";
				SWIFT_TREAT_WARNINGS_AS_ERRORS = YES;
			};
			name = Debug;
		};
		A443B3162A8AABBD00E3CA2D /* Release */ = {
			isa = XCBuildConfiguration;
			buildSettings = {
				ALWAYS_SEARCH_USER_PATHS = NO;
				CLANG_ANALYZER_NONNULL = YES;
				CLANG_ANALYZER_NUMBER_OBJECT_CONVERSION = YES_AGGRESSIVE;
				CLANG_CXX_LANGUAGE_STANDARD = "gnu++20";
				CLANG_ENABLE_MODULES = YES;
				CLANG_ENABLE_OBJC_ARC = YES;
				CLANG_ENABLE_OBJC_WEAK = YES;
				CLANG_WARN_BLOCK_CAPTURE_AUTORELEASING = YES;
				CLANG_WARN_BOOL_CONVERSION = YES;
				CLANG_WARN_COMMA = YES;
				CLANG_WARN_CONSTANT_CONVERSION = YES;
				CLANG_WARN_DEPRECATED_OBJC_IMPLEMENTATIONS = YES;
				CLANG_WARN_DIRECT_OBJC_ISA_USAGE = YES_ERROR;
				CLANG_WARN_DOCUMENTATION_COMMENTS = YES;
				CLANG_WARN_EMPTY_BODY = YES;
				CLANG_WARN_ENUM_CONVERSION = YES;
				CLANG_WARN_INFINITE_RECURSION = YES;
				CLANG_WARN_INT_CONVERSION = YES;
				CLANG_WARN_NON_LITERAL_NULL_CONVERSION = YES;
				CLANG_WARN_OBJC_IMPLICIT_RETAIN_SELF = YES;
				CLANG_WARN_OBJC_LITERAL_CONVERSION = YES;
				CLANG_WARN_OBJC_ROOT_CLASS = YES_ERROR;
				CLANG_WARN_QUOTED_INCLUDE_IN_FRAMEWORK_HEADER = YES;
				CLANG_WARN_RANGE_LOOP_ANALYSIS = YES;
				CLANG_WARN_STRICT_PROTOTYPES = YES;
				CLANG_WARN_SUSPICIOUS_MOVE = YES;
				CLANG_WARN_UNGUARDED_AVAILABILITY = YES_AGGRESSIVE;
				CLANG_WARN_UNREACHABLE_CODE = YES;
				CLANG_WARN__DUPLICATE_METHOD_MATCH = YES;
				COPY_PHASE_STRIP = NO;
				DEAD_CODE_STRIPPING = YES;
				DEBUG_INFORMATION_FORMAT = "dwarf-with-dsym";
				ENABLE_NS_ASSERTIONS = NO;
				ENABLE_STRICT_OBJC_MSGSEND = YES;
				ENABLE_USER_SCRIPT_SANDBOXING = YES;
				GCC_C_LANGUAGE_STANDARD = gnu11;
				GCC_NO_COMMON_BLOCKS = YES;
				GCC_TREAT_WARNINGS_AS_ERRORS = NO;
				GCC_WARN_64_TO_32_BIT_CONVERSION = YES;
				GCC_WARN_ABOUT_RETURN_TYPE = YES_ERROR;
				GCC_WARN_UNDECLARED_SELECTOR = YES;
				GCC_WARN_UNINITIALIZED_AUTOS = YES_AGGRESSIVE;
				GCC_WARN_UNUSED_FUNCTION = YES;
				GCC_WARN_UNUSED_VARIABLE = YES;
				MACOSX_DEPLOYMENT_TARGET = 13.3;
				MTL_ENABLE_DEBUG_INFO = NO;
				MTL_FAST_MATH = YES;
				SDKROOT = macosx;
				SWIFT_COMPILATION_MODE = wholemodule;
				SWIFT_OPTIMIZATION_LEVEL = "-O";
			};
			name = Release;
		};
		A443B3182A8AABBD00E3CA2D /* Debug */ = {
			isa = XCBuildConfiguration;
			buildSettings = {
				ASSETCATALOG_COMPILER_APPICON_NAME = AppIcon;
				ASSETCATALOG_COMPILER_GLOBAL_ACCENT_COLOR_NAME = AccentColor;
				CODE_SIGN_ENTITLEMENTS = Locke/Locke.entitlements;
				CODE_SIGN_STYLE = Automatic;
				COMBINE_HIDPI_IMAGES = YES;
				CURRENT_PROJECT_VERSION = 1;
				DEAD_CODE_STRIPPING = YES;
				DEVELOPMENT_ASSET_PATHS = "\"Locke/Preview Content\"";
				DEVELOPMENT_TEAM = 876QRQA4QD;
				ENABLE_HARDENED_RUNTIME = YES;
				ENABLE_PREVIEWS = YES;
				GENERATE_INFOPLIST_FILE = YES;
				INFOPLIST_FILE = Locke/Info.plist;
				INFOPLIST_KEY_CFBundleDisplayName = Locke;
				INFOPLIST_KEY_LSApplicationCategoryType = "public.app-category.utilities";
				INFOPLIST_KEY_LSUIElement = YES;
				INFOPLIST_KEY_NSHumanReadableCopyright = "";
				LD_RUNPATH_SEARCH_PATHS = (
					"$(inherited)",
					"@executable_path/../Frameworks",
				);
				MACOSX_DEPLOYMENT_TARGET = 14.0;
				MARKETING_VERSION = 1.2.3;
				PRODUCT_BUNDLE_IDENTIFIER = Entalon.Locke;
				PRODUCT_NAME = "$(TARGET_NAME)";
				SWIFT_EMIT_LOC_STRINGS = YES;
				SWIFT_VERSION = 5.0;
			};
			name = Debug;
		};
		A443B3192A8AABBD00E3CA2D /* Release */ = {
			isa = XCBuildConfiguration;
			buildSettings = {
				ASSETCATALOG_COMPILER_APPICON_NAME = AppIcon;
				ASSETCATALOG_COMPILER_GLOBAL_ACCENT_COLOR_NAME = AccentColor;
				CODE_SIGN_ENTITLEMENTS = Locke/Locke.entitlements;
				CODE_SIGN_STYLE = Automatic;
				COMBINE_HIDPI_IMAGES = YES;
				CURRENT_PROJECT_VERSION = 1;
				DEAD_CODE_STRIPPING = YES;
				DEVELOPMENT_ASSET_PATHS = "\"Locke/Preview Content\"";
				DEVELOPMENT_TEAM = 876QRQA4QD;
				ENABLE_HARDENED_RUNTIME = YES;
				ENABLE_PREVIEWS = YES;
				GENERATE_INFOPLIST_FILE = YES;
				INFOPLIST_FILE = Locke/Info.plist;
				INFOPLIST_KEY_CFBundleDisplayName = Locke;
				INFOPLIST_KEY_LSApplicationCategoryType = "public.app-category.utilities";
				INFOPLIST_KEY_LSUIElement = YES;
				INFOPLIST_KEY_NSHumanReadableCopyright = "";
				LD_RUNPATH_SEARCH_PATHS = (
					"$(inherited)",
					"@executable_path/../Frameworks",
				);
				MACOSX_DEPLOYMENT_TARGET = 14.0;
				MARKETING_VERSION = 1.2.3;
				PRODUCT_BUNDLE_IDENTIFIER = Entalon.Locke;
				PRODUCT_NAME = "$(TARGET_NAME)";
				SWIFT_EMIT_LOC_STRINGS = YES;
				SWIFT_VERSION = 5.0;
			};
			name = Release;
		};
/* End XCBuildConfiguration section */

/* Begin XCConfigurationList section */
		A443B3032A8AABBC00E3CA2D /* Build configuration list for PBXProject "Locke" */ = {
			isa = XCConfigurationList;
			buildConfigurations = (
				A443B3152A8AABBD00E3CA2D /* Debug */,
				A443B3162A8AABBD00E3CA2D /* Release */,
			);
			defaultConfigurationIsVisible = 0;
			defaultConfigurationName = Release;
		};
		A443B3172A8AABBD00E3CA2D /* Build configuration list for PBXNativeTarget "Locke" */ = {
			isa = XCConfigurationList;
			buildConfigurations = (
				A443B3182A8AABBD00E3CA2D /* Debug */,
				A443B3192A8AABBD00E3CA2D /* Release */,
			);
			defaultConfigurationIsVisible = 0;
			defaultConfigurationName = Release;
		};
/* End XCConfigurationList section */

/* Begin XCLocalSwiftPackageReference section */
		A4F67A442ADDB3EB00999DA8 /* XCLocalSwiftPackageReference "../../FilePicker" */ = {
			isa = XCLocalSwiftPackageReference;
			relativePath = ../../FilePicker;
		};
/* End XCLocalSwiftPackageReference section */

/* Begin XCRemoteSwiftPackageReference section */
		A44696FD2A8F23A900B23EC4 /* XCRemoteSwiftPackageReference "SFSafeSymbols" */ = {
			isa = XCRemoteSwiftPackageReference;
			repositoryURL = "https://github.com/SFSafeSymbols/SFSafeSymbols";
			requirement = {
				kind = upToNextMajorVersion;
				minimumVersion = 4.0.0;
			};
		};
		A44A03642AFB360C00ABC9A5 /* XCRemoteSwiftPackageReference "LaunchAtLogin-Modern" */ = {
			isa = XCRemoteSwiftPackageReference;
			repositoryURL = "https://github.com/sindresorhus/LaunchAtLogin-Modern";
			requirement = {
				branch = main;
				kind = branch;
			};
		};
		A44D0EE42CA088BE00F8F41B /* XCRemoteSwiftPackageReference "Zip" */ = {
			isa = XCRemoteSwiftPackageReference;
			repositoryURL = "https://github.com/marmelroy/Zip";
			requirement = {
				kind = upToNextMajorVersion;
				minimumVersion = 2.1.2;
			};
		};
		A459C3192AE8509C003C8A75 /* XCRemoteSwiftPackageReference "MenuBarExtraAccess" */ = {
			isa = XCRemoteSwiftPackageReference;
			repositoryURL = "https://github.com/orchetect/MenuBarExtraAccess";
			requirement = {
				kind = upToNextMajorVersion;
				minimumVersion = 1.0.5;
			};
		};
		A4B3DC1E2BB9BA1500E5AD60 /* XCRemoteSwiftPackageReference "aws-sdk-swift" */ = {
			isa = XCRemoteSwiftPackageReference;
			repositoryURL = "https://github.com/awslabs/aws-sdk-swift";
			requirement = {
				kind = upToNextMajorVersion;
				minimumVersion = 1.0.0;
			};
		};
		A4B3DC272BB9BF7D00E5AD60 /* XCRemoteSwiftPackageReference "soto" */ = {
			isa = XCRemoteSwiftPackageReference;
			repositoryURL = "https://github.com/soto-project/soto.git";
			requirement = {
				kind = upToNextMajorVersion;
				minimumVersion = 6.8.0;
			};
		};
		A4B3DC2A2BB9C60A00E5AD60 /* XCRemoteSwiftPackageReference "soto-s3-file-transfer" */ = {
			isa = XCRemoteSwiftPackageReference;
			repositoryURL = "https://github.com/soto-project/soto-s3-file-transfer";
			requirement = {
				kind = upToNextMajorVersion;
				minimumVersion = 1.3.0;
			};
		};
/* End XCRemoteSwiftPackageReference section */

/* Begin XCSwiftPackageProductDependency section */
		A44696FE2A8F23A900B23EC4 /* SFSafeSymbols */ = {
			isa = XCSwiftPackageProductDependency;
			package = A44696FD2A8F23A900B23EC4 /* XCRemoteSwiftPackageReference "SFSafeSymbols" */;
			productName = SFSafeSymbols;
		};
		A44A03652AFB360C00ABC9A5 /* LaunchAtLogin */ = {
			isa = XCSwiftPackageProductDependency;
			package = A44A03642AFB360C00ABC9A5 /* XCRemoteSwiftPackageReference "LaunchAtLogin-Modern" */;
			productName = LaunchAtLogin;
		};
		A44D0EE52CA088BE00F8F41B /* Zip */ = {
			isa = XCSwiftPackageProductDependency;
			package = A44D0EE42CA088BE00F8F41B /* XCRemoteSwiftPackageReference "Zip" */;
			productName = Zip;
		};
		A459C31A2AE8509C003C8A75 /* MenuBarExtraAccess */ = {
			isa = XCSwiftPackageProductDependency;
			package = A459C3192AE8509C003C8A75 /* XCRemoteSwiftPackageReference "MenuBarExtraAccess" */;
			productName = MenuBarExtraAccess;
		};
		A4B3DC282BB9BF7D00E5AD60 /* SotoS3 */ = {
			isa = XCSwiftPackageProductDependency;
			package = A4B3DC272BB9BF7D00E5AD60 /* XCRemoteSwiftPackageReference "soto" */;
			productName = SotoS3;
		};
		A4B3DC2B2BB9C60A00E5AD60 /* SotoS3FileTransfer */ = {
			isa = XCSwiftPackageProductDependency;
			package = A4B3DC2A2BB9C60A00E5AD60 /* XCRemoteSwiftPackageReference "soto-s3-file-transfer" */;
			productName = SotoS3FileTransfer;
		};
		A4F67A452ADDB3EB00999DA8 /* FilePicker */ = {
			isa = XCSwiftPackageProductDependency;
			productName = FilePicker;
		};
/* End XCSwiftPackageProductDependency section */
	};
	rootObject = A443B3002A8AABBC00E3CA2D /* Project object */;
}
